
Microsoft Visual Studio Solution File, Format Version 11.00
# Visual Studio 2010
Project("{FAE04EC0-301F-11D3-BF4B-00C04F79EFBC}") = "SilenceOfTheLabs", "Assembly-CSharp-firstpass.csproj", "{EC1A72FA-B893-14DF-5F33-5A80CC0D5B04}"
EndProject
Project("{FAE04EC0-301F-11D3-BF4B-00C04F79EFBC}") = "SilenceOfTheLabs", "Assembly-CSharp.csproj", "{DADA5EC2-F7B3-F7BA-01BC-2DFD18722B16}"
EndProject
Project("{FAE04EC0-301F-11D3-BF4B-00C04F79EFBC}") = "SilenceOfTheLabs", "Assembly-CSharp-Editor-firstpass.csproj", "{0DF85619-D524-7412-B1C2-EC18C5D3885A}"
EndProject
Global
	GlobalSection(SolutionConfigurationPlatforms) = preSolution
		Debug|Any CPU = Debug|Any CPU
		Release|Any CPU = Release|Any CPU
	EndGlobalSection
	GlobalSection(ProjectConfigurationPlatforms) = postSolution
		{EC1A72FA-B893-14DF-5F33-5A80CC0D5B04}.Debug|Any CPU.ActiveCfg = Debug|Any CPU
		{EC1A72FA-B893-14DF-5F33-5A80CC0D5B04}.Debug|Any CPU.Build.0 = Debug|Any CPU
		{EC1A72FA-B893-14DF-5F33-5A80CC0D5B04}.Release|Any CPU.ActiveCfg = Release|Any CPU
		{EC1A72FA-B893-14DF-5F33-5A80CC0D5B04}.Release|Any CPU.Build.0 = Release|Any CPU
		{DADA5EC2-F7B3-F7BA-01BC-2DFD18722B16}.Debug|Any CPU.ActiveCfg = Debug|Any CPU
		{DADA5EC2-F7B3-F7BA-01BC-2DFD18722B16}.Debug|Any CPU.Build.0 = Debug|Any CPU
		{DADA5EC2-F7B3-F7BA-01BC-2DFD18722B16}.Release|Any CPU.ActiveCfg = Release|Any CPU
		{DADA5EC2-F7B3-F7BA-01BC-2DFD18722B16}.Release|Any CPU.Build.0 = Release|Any CPU
		{0DF85619-D524-7412-B1C2-EC18C5D3885A}.Debug|Any CPU.ActiveCfg = Debug|Any CPU
		{0DF85619-D524-7412-B1C2-EC18C5D3885A}.Debug|Any CPU.Build.0 = Debug|Any CPU
		{0DF85619-D524-7412-B1C2-EC18C5D3885A}.Release|Any CPU.ActiveCfg = Release|Any CPU
		{0DF85619-D524-7412-B1C2-EC18C5D3885A}.Release|Any CPU.Build.0 = Release|Any CPU
	EndGlobalSection
	GlobalSection(SolutionProperties) = preSolution
		HideSolutionNode = FALSE
	EndGlobalSection
	GlobalSection(MonoDevelopProperties) = preSolution
		StartupItem = Assembly-CSharp.csproj
	EndGlobalSection
EndGlobal
